# THIS IS AN AUTOGENERATED FILE. DO NOT EDIT THIS FILE DIRECTLY.
# yarn lockfile v1


foliage@^0.103.1:
  version "0.103.1"
  resolved "https://registry.yarnpkg.com/foliage/-/foliage-0.103.1.tgz#0173f875c2351b9967bfea0add7f873dee405576"
  integrity sha512-AYIUX94gfUkPhukiQjg/LCZy9RbHTO0/JbXdLz+4p/ZFnMez4Qrk8uqrY7LA1q26Pd9BBgchACopI28hp+bckQ==
  dependencies:
    stylis "^4.0.0"

stylis@^4.0.0:
  version "4.0.6"
  resolved "https://registry.yarnpkg.com/stylis/-/stylis-4.0.6.tgz#0d8b97b6bc4748bea46f68602b6df27641b3c548"
  integrity sha512-1igcUEmYFBEO14uQHAJhCUelTR5jPztfdVKrYxRnDa5D5Dn3w0NxXupJNPr/VV/yRfZYEAco8sTIRZzH3sRYKg==
